
Microsoft Visual Studio Solution File, Format Version 12.00
# Visual Studio Version 16
VisualStudioVersion = 16.0.30804.86
MinimumVisualStudioVersion = 10.0.40219.1
Project("{FAE04EC0-301F-11D3-BF4B-00C04F79EFBC}") = "LojaVirtual_v2", "LojaVirtual_v2\LojaVirtual_v2.csproj", "{9A54012F-FC03-4EC6-931F-E184A93AD556}"
EndProject
Global
	GlobalSection(SolutionConfigurationPlatforms) = preSolution
		Debug|Any CPU = Debug|Any CPU
		Release|Any CPU = Release|Any CPU
	EndGlobalSection
	GlobalSection(ProjectConfigurationPlatforms) = postSolution
		{9A54012F-FC03-4EC6-931F-E184A93AD556}.Debug|Any CPU.ActiveCfg = Debug|Any CPU
		{9A54012F-FC03-4EC6-931F-E184A93AD556}.Debug|Any CPU.Build.0 = Debug|Any CPU
		{9A54012F-FC03-4EC6-931F-E184A93AD556}.Release|Any CPU.ActiveCfg = Release|Any CPU
		{9A54012F-FC03-4EC6-931F-E184A93AD556}.Release|Any CPU.Build.0 = Release|Any CPU
	EndGlobalSection
	GlobalSection(SolutionProperties) = preSolution
		HideSolutionNode = FALSE
	EndGlobalSection
	GlobalSection(ExtensibilityGlobals) = postSolution
		SolutionGuid = {5B6BDD87-90C1-4605-A985-A23E7E368DDC}
	EndGlobalSection
EndGlobal
